
Microsoft Visual Studio Solution File, Format Version 12.00
# Visual Studio Version 16
VisualStudioVersion = 16.0.31005.135
MinimumVisualStudioVersion = 10.0.40219.1
Project("{9A19103F-16F7-4668-BE54-9A1E7A4F7556}") = "UESourceAnalyzer", "UESourceAnalyzer\UESourceAnalyzer.csproj", "{DB2F6B83-6419-41DB-AF15-E5A205073480}"
EndProject
Project("{FAE04EC0-301F-11D3-BF4B-00C04F79EFBC}") = "UESourceAnalyzerTest", "UESourceAnalyzerTest\UESourceAnalyzerTest.csproj", "{502D78AE-BBFC-49A7-B219-E7664B62DC78}"
EndProject
Global
	GlobalSection(SolutionConfigurationPlatforms) = preSolution
		Debug|Any CPU = Debug|Any CPU
		Release|Any CPU = Release|Any CPU
	EndGlobalSection
	GlobalSection(ProjectConfigurationPlatforms) = postSolution
		{DB2F6B83-6419-41DB-AF15-E5A205073480}.Debug|Any CPU.ActiveCfg = Debug|Any CPU
		{DB2F6B83-6419-41DB-AF15-E5A205073480}.Debug|Any CPU.Build.0 = Debug|Any CPU
		{DB2F6B83-6419-41DB-AF15-E5A205073480}.Release|Any CPU.ActiveCfg = Release|Any CPU
		{DB2F6B83-6419-41DB-AF15-E5A205073480}.Release|Any CPU.Build.0 = Release|Any CPU
		{502D78AE-BBFC-49A7-B219-E7664B62DC78}.Debug|Any CPU.ActiveCfg = Debug|Any CPU
		{502D78AE-BBFC-49A7-B219-E7664B62DC78}.Debug|Any CPU.Build.0 = Debug|Any CPU
		{502D78AE-BBFC-49A7-B219-E7664B62DC78}.Release|Any CPU.ActiveCfg = Release|Any CPU
		{502D78AE-BBFC-49A7-B219-E7664B62DC78}.Release|Any CPU.Build.0 = Release|Any CPU
	EndGlobalSection
	GlobalSection(SolutionProperties) = preSolution
		HideSolutionNode = FALSE
	EndGlobalSection
	GlobalSection(ExtensibilityGlobals) = postSolution
		SolutionGuid = {C814B6BF-C955-437F-8D28-9A2E0E7BE269}
	EndGlobalSection
EndGlobal
